<?xml version="1.0" encoding="utf-8"?>
<Project ToolsVersion="4.0" xmlns="http://schemas.microsoft.com/developer/msbuild/2003">
  <ItemGroup>
    <Filter Include="Source Files">
      <UniqueIdentifier>{4FC737F1-C7A5-4376-A066-2A32D752A2FF}</UniqueIdentifier>
      <Extensions>cpp;c;cc;cxx;def;odl;idl;hpj;bat;asm;asmx</Extensions>
    </Filter>
    <Filter Include="Header Files">
      <UniqueIdentifier>{93995380-89BD-4b04-88EB-625FBE52EBFB}</UniqueIdentifier>
      <Extensions>h;hh;hpp;hxx;hm;inl;inc;xsd</Extensions>
    </Filter>
    <Filter Include="Resource Files">
      <UniqueIdentifier>{67DA6AB6-F800-4c08-8B7A-83BB121AAD01}</UniqueIdentifier>
      <Extensions>rc;ico;cur;bmp;dlg;rc2;rct;bin;rgs;gif;jpg;jpeg;jpe;resx;tiff;tif;png;wav;mfcribbon-ms</Extensions>
    </Filter>
    <Filter Include="Header Files\Base Headers">
      <UniqueIdentifier>{0741528e-1f88-4c9a-a8e5-0d20e10fbc20}</UniqueIdentifier>
    </Filter>
    <Filter Include="Resource Files\Unused">
      <UniqueIdentifier>{222d4392-c936-418e-9ca4-aeef43d10c5f}</UniqueIdentifier>
    </Filter>
    <Filter Include="Header Files\2dLegacy">
      <UniqueIdentifier>{4a5f6c0c-7808-4f7e-b7a7-68b801f37f48}</UniqueIdentifier>
    </Filter>
  </ItemGroup>
  <ItemGroup>
    <ClInclude Include="main.h">
      <Filter>Header Files</Filter>
    </ClInclude>
    <ClInclude Include="GLerror.h">
      <Filter>Header Files\Base Headers</Filter>
    </ClInclude>
    <ClInclude Include="SDL_Start.h">
      <Filter>Header Files\Base Headers</Filter>
    </ClInclude>
    <ClInclude Include="ShaderClass.h">
      <Filter>Header Files\Base Headers</Filter>
    </ClInclude>
    <ClInclude Include="TextureClass.h">
      <Filter>Header Files\Base Headers</Filter>
    </ClInclude>
    <ClInclude Include="Textures.h">
      <Filter>Header Files\Base Headers</Filter>
    </ClInclude>
    <ClInclude Include="TODO.h">
      <Filter>Resource Files</Filter>
    </ClInclude>
    <ClInclude Include="Camera.h">
      <Filter>Header Files</Filter>
    </ClInclude>
    <ClInclude Include="ModelLoaderClass.h">
      <Filter>Header Files</Filter>
    </ClInclude>
    <ClInclude Include="Model.h">
      <Filter>Header Files</Filter>
    </ClInclude>
    <ClInclude Include="Circle3D.h">
      <Filter>Header Files</Filter>
    </ClInclude>
    <ClInclude Include="Spawner3D.h">
      <Filter>Header Files</Filter>
    </ClInclude>
    <ClInclude Include="bomb.h">
      <Filter>Header Files\2dLegacy</Filter>
    </ClInclude>
    <ClInclude Include="Bombtext.h">
      <Filter>Header Files\2dLegacy</Filter>
    </ClInclude>
    <ClInclude Include="bullet.h">
      <Filter>Header Files\2dLegacy</Filter>
    </ClInclude>
    <ClInclude Include="bulletController.h">
      <Filter>Header Files\2dLegacy</Filter>
    </ClInclude>
    <ClInclude Include="Circle.h">
      <Filter>Header Files\2dLegacy</Filter>
    </ClInclude>
    <ClInclude Include="Events.h">
      <Filter>Header Files\2dLegacy</Filter>
    </ClInclude>
    <ClInclude Include="GameObject.h">
      <Filter>Header Files\2dLegacy</Filter>
    </ClInclude>
    <ClInclude Include="Lives.h">
      <Filter>Header Files\2dLegacy</Filter>
    </ClInclude>
    <ClInclude Include="spawner.h">
      <Filter>Header Files\2dLegacy</Filter>
    </ClInclude>
    <ClInclude Include="Square.h">
      <Filter>Header Files\2dLegacy</Filter>
    </ClInclude>
    <ClInclude Include="Triangle_T.h">
      <Filter>Header Files\2dLegacy</Filter>
    </ClInclude>
    <ClInclude Include="Control3D.h">
      <Filter>Header Files</Filter>
    </ClInclude>
    <ClInclude Include="Events3D.h">
      <Filter>Header Files</Filter>
    </ClInclude>
    <ClInclude Include="Light.h">
      <Filter>Header Files</Filter>
    </ClInclude>
    <ClInclude Include="Triangle3D.h">
      <Filter>Header Files</Filter>
    </ClInclude>
    <ClInclude Include="bullet3D.h">
      <Filter>Header Files</Filter>
    </ClInclude>
    <ClInclude Include="Cube.h">
      <Filter>Header Files</Filter>
    </ClInclude>
    <ClInclude Include="SkyBox.h">
      <Filter>Header Files</Filter>
    </ClInclude>
    <ClInclude Include="TextureClassCube.h">
      <Filter>Header Files</Filter>
    </ClInclude>
  </ItemGroup>
  <ItemGroup>
    <ClCompile Include="main.cpp">
      <Filter>Source Files</Filter>
    </ClCompile>
  </ItemGroup>
  <ItemGroup>
    <None Include="..\..\Assets\Shaders\shader_Projection_basicLight.frag">
      <Filter>Resource Files\Unused</Filter>
    </None>
    <None Include="..\..\Assets\Shaders\shader_Projection_basicLight.vert">
      <Filter>Resource Files\Unused</Filter>
    </None>
    <None Include="..\..\Assets\Shaders\shader_Text.frag">
      <Filter>Resource Files\Unused</Filter>
    </None>
    <None Include="..\..\Assets\Shaders\shader_Text.vert">
      <Filter>Resource Files\Unused</Filter>
    </None>
    <None Include="..\..\Assets\Shaders\shader_time.frag">
      <Filter>Resource Files\Unused</Filter>
    </None>
    <None Include="..\..\Assets\Shaders\shader_time.vert">
      <Filter>Resource Files\Unused</Filter>
    </None>
    <None Include="..\..\Assets\Shaders\shader_vColour_Texture.frag">
      <Filter>Resource Files\Unused</Filter>
    </None>
    <None Include="..\..\Assets\Shaders\shader_vColour_Texture.vert">
      <Filter>Resource Files\Unused</Filter>
    </None>
    <None Include="..\..\Assets\Shaders\shader_vColour_Transform.frag">
      <Filter>Resource Files\Unused</Filter>
    </None>
    <None Include="..\..\Assets\Shaders\shader_vColour_Transform.vert">
      <Filter>Resource Files\Unused</Filter>
    </None>
    <None Include="..\..\Assets\Shaders\shaderColour.frag">
      <Filter>Resource Files\Unused</Filter>
    </None>
    <None Include="..\..\Assets\Shaders\shaderColour.vert">
      <Filter>Resource Files\Unused</Filter>
    </None>
    <None Include="..\..\Assets\Shaders\AD_MultiLight_Test.frag">
      <Filter>Resource Files</Filter>
    </None>
    <None Include="..\..\Assets\Shaders\AD_MultiLight_Test.vert">
      <Filter>Resource Files</Filter>
    </None>
    <None Include="..\..\Assets\Shaders\player.frag">
      <Filter>Resource Files</Filter>
    </None>
    <None Include="..\..\Assets\Shaders\player.vert">
      <Filter>Resource Files</Filter>
    </None>
    <None Include="..\..\Assets\Shaders\skybox.frag">
      <Filter>Resource Files</Filter>
    </None>
    <None Include="..\..\Assets\Shaders\skybox.vert">
      <Filter>Resource Files</Filter>
    </None>
    <None Include="..\..\Assets\Shaders\shader_projection_lighting_AD.vert">
      <Filter>Resource Files\Unused</Filter>
    </None>
    <None Include="..\..\Assets\Shaders\shader_projection_lighting_A.frag">
      <Filter>Resource Files\Unused</Filter>
    </None>
    <None Include="..\..\Assets\Shaders\shader_projection_lighting_A.vert">
      <Filter>Resource Files\Unused</Filter>
    </None>
    <None Include="..\..\Assets\Shaders\shader_projection_lighting_AD - Copy.frag">
      <Filter>Resource Files\Unused</Filter>
    </None>
    <None Include="..\..\Assets\Shaders\shader_projection_lighting_AD - Copy.vert">
      <Filter>Resource Files\Unused</Filter>
    </None>
    <None Include="..\..\Assets\Shaders\shader_projection_lighting_AD.frag">
      <Filter>Resource Files\Unused</Filter>
    </None>
    <None Include="..\..\Assets\Shaders\shader.frag">
      <Filter>Resource Files\Unused</Filter>
    </None>
    <None Include="..\..\Assets\Shaders\shader.vert">
      <Filter>Resource Files\Unused</Filter>
    </None>
    <None Include="..\..\Assets\Shaders\shader_vColour_Projection.frag">
      <Filter>Resource Files\Unused</Filter>
    </None>
    <None Include="..\..\Assets\Shaders\shader_vColour_Projection.vert">
      <Filter>Resource Files\Unused</Filter>
    </None>
    <None Include="..\..\Assets\Shaders\shader2.frag">
      <Filter>Resource Files\Unused</Filter>
    </None>
    <None Include="..\..\Assets\Shaders\shader2.vert">
      <Filter>Resource Files\Unused</Filter>
    </None>
    <None Include="..\..\Assets\Shaders\LightVectorTest.frag">
      <Filter>Resource Files</Filter>
    </None>
    <None Include="..\..\Assets\Shaders\LightVectorTest.vert">
      <Filter>Resource Files</Filter>
    </None>
    <None Include="..\..\Assets\Shaders\BACKGROUND.vert">
      <Filter>Resource Files</Filter>
    </None>
    <None Include="..\..\Assets\Shaders\LightVectorTestBubble.frag">
      <Filter>Resource Files</Filter>
    </None>
    <None Include="..\..\Assets\Shaders\LightVectorTestBubble.vert">
      <Filter>Resource Files</Filter>
    </None>
  </ItemGroup>
</Project>